
Microsoft Visual Studio Solution File, Format Version 12.00
# Visual Studio Version 16
VisualStudioVersion = 16.0.30611.23
MinimumVisualStudioVersion = 10.0.40219.1
Project("{FAE04EC0-301F-11D3-BF4B-00C04F79EFBC}") = "projekt kalkulator", "projekt kalkulator\projekt kalkulator.csproj", "{FCC0A6ED-F271-40F3-B8F2-FB4183183844}"
EndProject
Global
	GlobalSection(SolutionConfigurationPlatforms) = preSolution
		Debug|Any CPU = Debug|Any CPU
		Release|Any CPU = Release|Any CPU
	EndGlobalSection
	GlobalSection(ProjectConfigurationPlatforms) = postSolution
		{FCC0A6ED-F271-40F3-B8F2-FB4183183844}.Debug|Any CPU.ActiveCfg = Debug|Any CPU
		{FCC0A6ED-F271-40F3-B8F2-FB4183183844}.Debug|Any CPU.Build.0 = Debug|Any CPU
		{FCC0A6ED-F271-40F3-B8F2-FB4183183844}.Release|Any CPU.ActiveCfg = Release|Any CPU
		{FCC0A6ED-F271-40F3-B8F2-FB4183183844}.Release|Any CPU.Build.0 = Release|Any CPU
	EndGlobalSection
	GlobalSection(SolutionProperties) = preSolution
		HideSolutionNode = FALSE
	EndGlobalSection
	GlobalSection(ExtensibilityGlobals) = postSolution
		SolutionGuid = {CE065D73-704A-4D8E-9131-6EC8FCF0832F}
	EndGlobalSection
EndGlobal
